
Microsoft Visual Studio Solution File, Format Version 12.00
# Visual Studio Version 17
VisualStudioVersion = 17.0.31903.59
MinimumVisualStudioVersion = 10.0.40219.1
Project("{FAE04EC0-301F-11D3-BF4B-00C04F79EFBC}") = "Api", "Api\Api.csproj", "{6368CD5A-486A-480A-83D7-5F72D5B35FD7}"
EndProject
Project("{FAE04EC0-301F-11D3-BF4B-00C04F79EFBC}") = "Core", "Core\Core.csproj", "{9F021E4D-CB26-4568-AD64-1522EF1B7E57}"
EndProject
Project("{FAE04EC0-301F-11D3-BF4B-00C04F79EFBC}") = "Test", "Test\Test.csproj", "{BCAB82C1-53E8-49ED-BD32-58ACA68464BA}"
EndProject
Global
	GlobalSection(SolutionConfigurationPlatforms) = preSolution
		Debug|Any CPU = Debug|Any CPU
		Release|Any CPU = Release|Any CPU
	EndGlobalSection
	GlobalSection(ProjectConfigurationPlatforms) = postSolution
		{6368CD5A-486A-480A-83D7-5F72D5B35FD7}.Debug|Any CPU.ActiveCfg = Debug|Any CPU
		{6368CD5A-486A-480A-83D7-5F72D5B35FD7}.Debug|Any CPU.Build.0 = Debug|Any CPU
		{6368CD5A-486A-480A-83D7-5F72D5B35FD7}.Release|Any CPU.ActiveCfg = Release|Any CPU
		{6368CD5A-486A-480A-83D7-5F72D5B35FD7}.Release|Any CPU.Build.0 = Release|Any CPU
		{9F021E4D-CB26-4568-AD64-1522EF1B7E57}.Debug|Any CPU.ActiveCfg = Debug|Any CPU
		{9F021E4D-CB26-4568-AD64-1522EF1B7E57}.Debug|Any CPU.Build.0 = Debug|Any CPU
		{9F021E4D-CB26-4568-AD64-1522EF1B7E57}.Release|Any CPU.ActiveCfg = Release|Any CPU
		{9F021E4D-CB26-4568-AD64-1522EF1B7E57}.Release|Any CPU.Build.0 = Release|Any CPU
		{BCAB82C1-53E8-49ED-BD32-58ACA68464BA}.Debug|Any CPU.ActiveCfg = Debug|Any CPU
		{BCAB82C1-53E8-49ED-BD32-58ACA68464BA}.Debug|Any CPU.Build.0 = Debug|Any CPU
		{BCAB82C1-53E8-49ED-BD32-58ACA68464BA}.Release|Any CPU.ActiveCfg = Release|Any CPU
		{BCAB82C1-53E8-49ED-BD32-58ACA68464BA}.Release|Any CPU.Build.0 = Release|Any CPU
	EndGlobalSection
	GlobalSection(SolutionProperties) = preSolution
		HideSolutionNode = FALSE
	EndGlobalSection
EndGlobal
